// !$*UTF8*$!
{
	archiveVersion = 1;
	classes = {
	};
	objectVersion = 56;
	objects = {

/* Begin PBXBuildFile section */
		0F15570729B9F0CE00EB98D8 /* Projet_IOSApp.swift in Sources */ = {isa = PBXBuildFile; fileRef = 0F15570629B9F0CE00EB98D8 /* Projet_IOSApp.swift */; };
		0F15570929B9F0CE00EB98D8 /* ContentView.swift in Sources */ = {isa = PBXBuildFile; fileRef = 0F15570829B9F0CE00EB98D8 /* ContentView.swift */; };
		0F15570B29B9F0CF00EB98D8 /* Assets.xcassets in Resources */ = {isa = PBXBuildFile; fileRef = 0F15570A29B9F0CF00EB98D8 /* Assets.xcassets */; };
		0F15570F29B9F0CF00EB98D8 /* Preview Assets.xcassets in Resources */ = {isa = PBXBuildFile; fileRef = 0F15570E29B9F0CF00EB98D8 /* Preview Assets.xcassets */; };
		0F15571929B9F0CF00EB98D8 /* Projet_IOSTests.swift in Sources */ = {isa = PBXBuildFile; fileRef = 0F15571829B9F0CF00EB98D8 /* Projet_IOSTests.swift */; };
		0F15572329B9F0CF00EB98D8 /* Projet_IOSUITests.swift in Sources */ = {isa = PBXBuildFile; fileRef = 0F15572229B9F0CF00EB98D8 /* Projet_IOSUITests.swift */; };
		0F15572529B9F0CF00EB98D8 /* Projet_IOSUITestsLaunchTests.swift in Sources */ = {isa = PBXBuildFile; fileRef = 0F15572429B9F0CF00EB98D8 /* Projet_IOSUITestsLaunchTests.swift */; };
		0F83AA7029B9F4CE00673DE8 /* JSONHelper.swift in Sources */ = {isa = PBXBuildFile; fileRef = 0F83AA6F29B9F4CE00673DE8 /* JSONHelper.swift */; };
		0F83AA7229B9F4EC00673DE8 /* TrackDTO.swift in Sources */ = {isa = PBXBuildFile; fileRef = 0F83AA7129B9F4EC00673DE8 /* TrackDTO.swift */; };
		0F83AA7429B9F50900673DE8 /* TrackIntentError.swift in Sources */ = {isa = PBXBuildFile; fileRef = 0F83AA7329B9F50900673DE8 /* TrackIntentError.swift */; };
		0F83AA7629B9F51700673DE8 /* JSONError.swift in Sources */ = {isa = PBXBuildFile; fileRef = 0F83AA7529B9F51700673DE8 /* JSONError.swift */; };
		0F83AA7829B9F52F00673DE8 /* TrackState.swift in Sources */ = {isa = PBXBuildFile; fileRef = 0F83AA7729B9F52F00673DE8 /* TrackState.swift */; };
		0F83AA7A29B9F54E00673DE8 /* TrackIntent.swift in Sources */ = {isa = PBXBuildFile; fileRef = 0F83AA7929B9F54E00673DE8 /* TrackIntent.swift */; };
		0F83AA7C29B9F56B00673DE8 /* TrackListViewModel.swift in Sources */ = {isa = PBXBuildFile; fileRef = 0F83AA7B29B9F56B00673DE8 /* TrackListViewModel.swift */; };
		0F83AA7E29B9F58400673DE8 /* TrackViewModel.swift in Sources */ = {isa = PBXBuildFile; fileRef = 0F83AA7D29B9F58400673DE8 /* TrackViewModel.swift */; };
		0F83AA8029B9F5B000673DE8 /* TrackListView.swift in Sources */ = {isa = PBXBuildFile; fileRef = 0F83AA7F29B9F5B000673DE8 /* TrackListView.swift */; };
		0F83AA8229B9F5C200673DE8 /* TrackDetailView.swift in Sources */ = {isa = PBXBuildFile; fileRef = 0F83AA8129B9F5C200673DE8 /* TrackDetailView.swift */; };
		0F83AA8429B9F5D200673DE8 /* TrackItemView.swift in Sources */ = {isa = PBXBuildFile; fileRef = 0F83AA8329B9F5D200673DE8 /* TrackItemView.swift */; };
		0F83AA8629B9FD9600673DE8 /* test.json in Resources */ = {isa = PBXBuildFile; fileRef = 0F83AA8529B9FD9600673DE8 /* test.json */; };
/* End PBXBuildFile section */

/* Begin PBXContainerItemProxy section */
		0F15571529B9F0CF00EB98D8 /* PBXContainerItemProxy */ = {
			isa = PBXContainerItemProxy;
			containerPortal = 0F1556FB29B9F0CD00EB98D8 /* Project object */;
			proxyType = 1;
			remoteGlobalIDString = 0F15570229B9F0CE00EB98D8;
			remoteInfo = Projet_IOS;
		};
		0F15571F29B9F0CF00EB98D8 /* PBXContainerItemProxy */ = {
			isa = PBXContainerItemProxy;
			containerPortal = 0F1556FB29B9F0CD00EB98D8 /* Project object */;
			proxyType = 1;
			remoteGlobalIDString = 0F15570229B9F0CE00EB98D8;
			remoteInfo = Projet_IOS;
		};
/* End PBXContainerItemProxy section */

/* Begin PBXFileReference section */
		0F15570329B9F0CE00EB98D8 /* Projet_IOS.app */ = {isa = PBXFileReference; explicitFileType = wrapper.application; includeInIndex = 0; path = Projet_IOS.app; sourceTree = BUILT_PRODUCTS_DIR; };
		0F15570629B9F0CE00EB98D8 /* Projet_IOSApp.swift */ = {isa = PBXFileReference; lastKnownFileType = sourcecode.swift; path = Projet_IOSApp.swift; sourceTree = "<group>"; };
		0F15570829B9F0CE00EB98D8 /* ContentView.swift */ = {isa = PBXFileReference; lastKnownFileType = sourcecode.swift; path = ContentView.swift; sourceTree = "<group>"; };
		0F15570A29B9F0CF00EB98D8 /* Assets.xcassets */ = {isa = PBXFileReference; lastKnownFileType = folder.assetcatalog; path = Assets.xcassets; sourceTree = "<group>"; };
		0F15570C29B9F0CF00EB98D8 /* Projet_IOS.entitlements */ = {isa = PBXFileReference; lastKnownFileType = text.plist.entitlements; path = Projet_IOS.entitlements; sourceTree = "<group>"; };
		0F15570E29B9F0CF00EB98D8 /* Preview Assets.xcassets */ = {isa = PBXFileReference; lastKnownFileType = folder.assetcatalog; path = "Preview Assets.xcassets"; sourceTree = "<group>"; };
		0F15571429B9F0CF00EB98D8 /* Projet_IOSTests.xctest */ = {isa = PBXFileReference; explicitFileType = wrapper.cfbundle; includeInIndex = 0; path = Projet_IOSTests.xctest; sourceTree = BUILT_PRODUCTS_DIR; };
		0F15571829B9F0CF00EB98D8 /* Projet_IOSTests.swift */ = {isa = PBXFileReference; lastKnownFileType = sourcecode.swift; path = Projet_IOSTests.swift; sourceTree = "<group>"; };
		0F15571E29B9F0CF00EB98D8 /* Projet_IOSUITests.xctest */ = {isa = PBXFileReference; explicitFileType = wrapper.cfbundle; includeInIndex = 0; path = Projet_IOSUITests.xctest; sourceTree = BUILT_PRODUCTS_DIR; };
		0F15572229B9F0CF00EB98D8 /* Projet_IOSUITests.swift */ = {isa = PBXFileReference; lastKnownFileType = sourcecode.swift; path = Projet_IOSUITests.swift; sourceTree = "<group>"; };
		0F15572429B9F0CF00EB98D8 /* Projet_IOSUITestsLaunchTests.swift */ = {isa = PBXFileReference; lastKnownFileType = sourcecode.swift; path = Projet_IOSUITestsLaunchTests.swift; sourceTree = "<group>"; };
		0F83AA6F29B9F4CE00673DE8 /* JSONHelper.swift */ = {isa = PBXFileReference; lastKnownFileType = sourcecode.swift; path = JSONHelper.swift; sourceTree = "<group>"; };
		0F83AA7129B9F4EC00673DE8 /* TrackDTO.swift */ = {isa = PBXFileReference; lastKnownFileType = sourcecode.swift; path = TrackDTO.swift; sourceTree = "<group>"; };
		0F83AA7329B9F50900673DE8 /* TrackIntentError.swift */ = {isa = PBXFileReference; lastKnownFileType = sourcecode.swift; path = TrackIntentError.swift; sourceTree = "<group>"; };
		0F83AA7529B9F51700673DE8 /* JSONError.swift */ = {isa = PBXFileReference; lastKnownFileType = sourcecode.swift; path = JSONError.swift; sourceTree = "<group>"; };
		0F83AA7729B9F52F00673DE8 /* TrackState.swift */ = {isa = PBXFileReference; lastKnownFileType = sourcecode.swift; path = TrackState.swift; sourceTree = "<group>"; };
		0F83AA7929B9F54E00673DE8 /* TrackIntent.swift */ = {isa = PBXFileReference; lastKnownFileType = sourcecode.swift; path = TrackIntent.swift; sourceTree = "<group>"; };
		0F83AA7B29B9F56B00673DE8 /* TrackListViewModel.swift */ = {isa = PBXFileReference; lastKnownFileType = sourcecode.swift; path = TrackListViewModel.swift; sourceTree = "<group>"; };
		0F83AA7D29B9F58400673DE8 /* TrackViewModel.swift */ = {isa = PBXFileReference; lastKnownFileType = sourcecode.swift; path = TrackViewModel.swift; sourceTree = "<group>"; };
		0F83AA7F29B9F5B000673DE8 /* TrackListView.swift */ = {isa = PBXFileReference; lastKnownFileType = sourcecode.swift; path = TrackListView.swift; sourceTree = "<group>"; };
		0F83AA8129B9F5C200673DE8 /* TrackDetailView.swift */ = {isa = PBXFileReference; lastKnownFileType = sourcecode.swift; path = TrackDetailView.swift; sourceTree = "<group>"; };
		0F83AA8329B9F5D200673DE8 /* TrackItemView.swift */ = {isa = PBXFileReference; lastKnownFileType = sourcecode.swift; path = TrackItemView.swift; sourceTree = "<group>"; };
		0F83AA8529B9FD9600673DE8 /* test.json */ = {isa = PBXFileReference; lastKnownFileType = text.json; path = test.json; sourceTree = "<group>"; };
/* End PBXFileReference section */

/* Begin PBXFrameworksBuildPhase section */
		0F15570029B9F0CE00EB98D8 /* Frameworks */ = {
			isa = PBXFrameworksBuildPhase;
			buildActionMask = 2147483647;
			files = (
			);
			runOnlyForDeploymentPostprocessing = 0;
		};
		0F15571129B9F0CF00EB98D8 /* Frameworks */ = {
			isa = PBXFrameworksBuildPhase;
			buildActionMask = 2147483647;
			files = (
			);
			runOnlyForDeploymentPostprocessing = 0;
		};
		0F15571B29B9F0CF00EB98D8 /* Frameworks */ = {
			isa = PBXFrameworksBuildPhase;
			buildActionMask = 2147483647;
			files = (
			);
			runOnlyForDeploymentPostprocessing = 0;
		};
/* End PBXFrameworksBuildPhase section */

/* Begin PBXGroup section */
		0F1556FA29B9F0CD00EB98D8 = {
			isa = PBXGroup;
			children = (
				0F83AA8529B9FD9600673DE8 /* test.json */,
				0F15570529B9F0CE00EB98D8 /* Projet_IOS */,
				0F15571729B9F0CF00EB98D8 /* Projet_IOSTests */,
				0F15572129B9F0CF00EB98D8 /* Projet_IOSUITests */,
				0F15570429B9F0CE00EB98D8 /* Products */,
			);
			sourceTree = "<group>";
		};
		0F15570429B9F0CE00EB98D8 /* Products */ = {
			isa = PBXGroup;
			children = (
				0F15570329B9F0CE00EB98D8 /* Projet_IOS.app */,
				0F15571429B9F0CF00EB98D8 /* Projet_IOSTests.xctest */,
				0F15571E29B9F0CF00EB98D8 /* Projet_IOSUITests.xctest */,
			);
			name = Products;
			sourceTree = "<group>";
		};
		0F15570529B9F0CE00EB98D8 /* Projet_IOS */ = {
			isa = PBXGroup;
			children = (
				0F83AA6E29B9F4C000673DE8 /* dto */,
				0F83AA6D29B9F4BB00673DE8 /* error */,
				0F83AA6C29B9F4B400673DE8 /* state */,
				0F83AA6B29B9F4AB00673DE8 /* intent */,
				0F83AA6A29B9F4A000673DE8 /* model */,
				0F83AA6929B9F49900673DE8 /* view */,
				0F15570629B9F0CE00EB98D8 /* Projet_IOSApp.swift */,
				0F15570A29B9F0CF00EB98D8 /* Assets.xcassets */,
				0F15570C29B9F0CF00EB98D8 /* Projet_IOS.entitlements */,
				0F15570D29B9F0CF00EB98D8 /* Preview Content */,
				0F83AA6F29B9F4CE00673DE8 /* JSONHelper.swift */,
			);
			path = Projet_IOS;
			sourceTree = "<group>";
		};
		0F15570D29B9F0CF00EB98D8 /* Preview Content */ = {
			isa = PBXGroup;
			children = (
				0F15570E29B9F0CF00EB98D8 /* Preview Assets.xcassets */,
			);
			path = "Preview Content";
			sourceTree = "<group>";
		};
		0F15571729B9F0CF00EB98D8 /* Projet_IOSTests */ = {
			isa = PBXGroup;
			children = (
				0F15571829B9F0CF00EB98D8 /* Projet_IOSTests.swift */,
			);
			path = Projet_IOSTests;
			sourceTree = "<group>";
		};
		0F15572129B9F0CF00EB98D8 /* Projet_IOSUITests */ = {
			isa = PBXGroup;
			children = (
				0F15572229B9F0CF00EB98D8 /* Projet_IOSUITests.swift */,
				0F15572429B9F0CF00EB98D8 /* Projet_IOSUITestsLaunchTests.swift */,
			);
			path = Projet_IOSUITests;
			sourceTree = "<group>";
		};
		0F83AA6929B9F49900673DE8 /* view */ = {
			isa = PBXGroup;
			children = (
				0F15570829B9F0CE00EB98D8 /* ContentView.swift */,
				0F83AA7F29B9F5B000673DE8 /* TrackListView.swift */,
				0F83AA8129B9F5C200673DE8 /* TrackDetailView.swift */,
				0F83AA8329B9F5D200673DE8 /* TrackItemView.swift */,
			);
			path = view;
			sourceTree = "<group>";
		};
		0F83AA6A29B9F4A000673DE8 /* model */ = {
			isa = PBXGroup;
			children = (
				0F83AA7B29B9F56B00673DE8 /* TrackListViewModel.swift */,
				0F83AA7D29B9F58400673DE8 /* TrackViewModel.swift */,
			);
			path = model;
			sourceTree = "<group>";
		};
		0F83AA6B29B9F4AB00673DE8 /* intent */ = {
			isa = PBXGroup;
			children = (
				0F83AA7929B9F54E00673DE8 /* TrackIntent.swift */,
			);
			path = intent;
			sourceTree = "<group>";
		};
		0F83AA6C29B9F4B400673DE8 /* state */ = {
			isa = PBXGroup;
			children = (
				0F83AA7729B9F52F00673DE8 /* TrackState.swift */,
			);
			path = state;
			sourceTree = "<group>";
		};
		0F83AA6D29B9F4BB00673DE8 /* error */ = {
			isa = PBXGroup;
			children = (
				0F83AA7329B9F50900673DE8 /* TrackIntentError.swift */,
				0F83AA7529B9F51700673DE8 /* JSONError.swift */,
			);
			path = error;
			sourceTree = "<group>";
		};
		0F83AA6E29B9F4C000673DE8 /* dto */ = {
			isa = PBXGroup;
			children = (
				0F83AA7129B9F4EC00673DE8 /* TrackDTO.swift */,
			);
			path = dto;
			sourceTree = "<group>";
		};
/* End PBXGroup section */

/* Begin PBXNativeTarget section */
		0F15570229B9F0CE00EB98D8 /* Projet_IOS */ = {
			isa = PBXNativeTarget;
			buildConfigurationList = 0F15572829B9F0CF00EB98D8 /* Build configuration list for PBXNativeTarget "Projet_IOS" */;
			buildPhases = (
				0F1556FF29B9F0CE00EB98D8 /* Sources */,
				0F15570029B9F0CE00EB98D8 /* Frameworks */,
				0F15570129B9F0CE00EB98D8 /* Resources */,
			);
			buildRules = (
			);
			dependencies = (
			);
			name = Projet_IOS;
			productName = Projet_IOS;
			productReference = 0F15570329B9F0CE00EB98D8 /* Projet_IOS.app */;
			productType = "com.apple.product-type.application";
		};
		0F15571329B9F0CF00EB98D8 /* Projet_IOSTests */ = {
			isa = PBXNativeTarget;
			buildConfigurationList = 0F15572B29B9F0CF00EB98D8 /* Build configuration list for PBXNativeTarget "Projet_IOSTests" */;
			buildPhases = (
				0F15571029B9F0CF00EB98D8 /* Sources */,
				0F15571129B9F0CF00EB98D8 /* Frameworks */,
				0F15571229B9F0CF00EB98D8 /* Resources */,
			);
			buildRules = (
			);
			dependencies = (
				0F15571629B9F0CF00EB98D8 /* PBXTargetDependency */,
			);
			name = Projet_IOSTests;
			productName = Projet_IOSTests;
			productReference = 0F15571429B9F0CF00EB98D8 /* Projet_IOSTests.xctest */;
			productType = "com.apple.product-type.bundle.unit-test";
		};
		0F15571D29B9F0CF00EB98D8 /* Projet_IOSUITests */ = {
			isa = PBXNativeTarget;
			buildConfigurationList = 0F15572E29B9F0CF00EB98D8 /* Build configuration list for PBXNativeTarget "Projet_IOSUITests" */;
			buildPhases = (
				0F15571A29B9F0CF00EB98D8 /* Sources */,
				0F15571B29B9F0CF00EB98D8 /* Frameworks */,
				0F15571C29B9F0CF00EB98D8 /* Resources */,
			);
			buildRules = (
			);
			dependencies = (
				0F15572029B9F0CF00EB98D8 /* PBXTargetDependency */,
			);
			name = Projet_IOSUITests;
			productName = Projet_IOSUITests;
			productReference = 0F15571E29B9F0CF00EB98D8 /* Projet_IOSUITests.xctest */;
			productType = "com.apple.product-type.bundle.ui-testing";
		};
/* End PBXNativeTarget section */

/* Begin PBXProject section */
		0F1556FB29B9F0CD00EB98D8 /* Project object */ = {
			isa = PBXProject;
			attributes = {
				BuildIndependentTargetsInParallel = 1;
				LastSwiftUpdateCheck = 1400;
				LastUpgradeCheck = 1400;
				TargetAttributes = {
					0F15570229B9F0CE00EB98D8 = {
						CreatedOnToolsVersion = 14.0;
					};
					0F15571329B9F0CF00EB98D8 = {
						CreatedOnToolsVersion = 14.0;
						TestTargetID = 0F15570229B9F0CE00EB98D8;
					};
					0F15571D29B9F0CF00EB98D8 = {
						CreatedOnToolsVersion = 14.0;
						TestTargetID = 0F15570229B9F0CE00EB98D8;
					};
				};
			};
			buildConfigurationList = 0F1556FE29B9F0CE00EB98D8 /* Build configuration list for PBXProject "Projet_IOS" */;
			compatibilityVersion = "Xcode 14.0";
			developmentRegion = en;
			hasScannedForEncodings = 0;
			knownRegions = (
				en,
				Base,
			);
			mainGroup = 0F1556FA29B9F0CD00EB98D8;
			productRefGroup = 0F15570429B9F0CE00EB98D8 /* Products */;
			projectDirPath = "";
			projectRoot = "";
			targets = (
				0F15570229B9F0CE00EB98D8 /* Projet_IOS */,
				0F15571329B9F0CF00EB98D8 /* Projet_IOSTests */,
				0F15571D29B9F0CF00EB98D8 /* Projet_IOSUITests */,
			);
		};
/* End PBXProject section */

/* Begin PBXResourcesBuildPhase section */
		0F15570129B9F0CE00EB98D8 /* Resources */ = {
			isa = PBXResourcesBuildPhase;
			buildActionMask = 2147483647;
			files = (
				0F15570F29B9F0CF00EB98D8 /* Preview Assets.xcassets in Resources */,
				0F15570B29B9F0CF00EB98D8 /* Assets.xcassets in Resources */,
				0F83AA8629B9FD9600673DE8 /* test.json in Resources */,
			);
			runOnlyForDeploymentPostprocessing = 0;
		};
		0F15571229B9F0CF00EB98D8 /* Resources */ = {
			isa = PBXResourcesBuildPhase;
			buildActionMask = 2147483647;
			files = (
			);
			runOnlyForDeploymentPostprocessing = 0;
		};
		0F15571C29B9F0CF00EB98D8 /* Resources */ = {
			isa = PBXResourcesBuildPhase;
			buildActionMask = 2147483647;
			files = (
			);
			runOnlyForDeploymentPostprocessing = 0;
		};
/* End PBXResourcesBuildPhase section */

/* Begin PBXSourcesBuildPhase section */
		0F1556FF29B9F0CE00EB98D8 /* Sources */ = {
			isa = PBXSourcesBuildPhase;
			buildActionMask = 2147483647;
			files = (
				0F83AA8029B9F5B000673DE8 /* TrackListView.swift in Sources */,
				0F83AA7629B9F51700673DE8 /* JSONError.swift in Sources */,
				0F83AA7C29B9F56B00673DE8 /* TrackListViewModel.swift in Sources */,
				0F83AA8229B9F5C200673DE8 /* TrackDetailView.swift in Sources */,
				0F83AA7829B9F52F00673DE8 /* TrackState.swift in Sources */,
				0F83AA7029B9F4CE00673DE8 /* JSONHelper.swift in Sources */,
				0F83AA7A29B9F54E00673DE8 /* TrackIntent.swift in Sources */,
				0F83AA7229B9F4EC00673DE8 /* TrackDTO.swift in Sources */,
				0F83AA7E29B9F58400673DE8 /* TrackViewModel.swift in Sources */,
				0F15570929B9F0CE00EB98D8 /* ContentView.swift in Sources */,
				0F83AA7429B9F50900673DE8 /* TrackIntentError.swift in Sources */,
				0F83AA8429B9F5D200673DE8 /* TrackItemView.swift in Sources */,
				0F15570729B9F0CE00EB98D8 /* Projet_IOSApp.swift in Sources */,
			);
			runOnlyForDeploymentPostprocessing = 0;
		};
		0F15571029B9F0CF00EB98D8 /* Sources */ = {
			isa = PBXSourcesBuildPhase;
			buildActionMask = 2147483647;
			files = (
				0F15571929B9F0CF00EB98D8 /* Projet_IOSTests.swift in Sources */,
			);
			runOnlyForDeploymentPostprocessing = 0;
		};
		0F15571A29B9F0CF00EB98D8 /* Sources */ = {
			isa = PBXSourcesBuildPhase;
			buildActionMask = 2147483647;
			files = (
				0F15572529B9F0CF00EB98D8 /* Projet_IOSUITestsLaunchTests.swift in Sources */,
				0F15572329B9F0CF00EB98D8 /* Projet_IOSUITests.swift in Sources */,
			);
			runOnlyForDeploymentPostprocessing = 0;
		};
/* End PBXSourcesBuildPhase section */

/* Begin PBXTargetDependency section */
		0F15571629B9F0CF00EB98D8 /* PBXTargetDependency */ = {
			isa = PBXTargetDependency;
			target = 0F15570229B9F0CE00EB98D8 /* Projet_IOS */;
			targetProxy = 0F15571529B9F0CF00EB98D8 /* PBXContainerItemProxy */;
		};
		0F15572029B9F0CF00EB98D8 /* PBXTargetDependency */ = {
			isa = PBXTargetDependency;
			target = 0F15570229B9F0CE00EB98D8 /* Projet_IOS */;
			targetProxy = 0F15571F29B9F0CF00EB98D8 /* PBXContainerItemProxy */;
		};
/* End PBXTargetDependency section */

/* Begin XCBuildConfiguration section */
		0F15572629B9F0CF00EB98D8 /* Debug */ = {
			isa = XCBuildConfiguration;
			buildSettings = {
				ALWAYS_SEARCH_USER_PATHS = NO;
				CLANG_ANALYZER_NONNULL = YES;
				CLANG_ANALYZER_NUMBER_OBJECT_CONVERSION = YES_AGGRESSIVE;
				CLANG_CXX_LANGUAGE_STANDARD = "gnu++20";
				CLANG_ENABLE_MODULES = YES;
				CLANG_ENABLE_OBJC_ARC = YES;
				CLANG_ENABLE_OBJC_WEAK = YES;
				CLANG_WARN_BLOCK_CAPTURE_AUTORELEASING = YES;
				CLANG_WARN_BOOL_CONVERSION = YES;
				CLANG_WARN_COMMA = YES;
				CLANG_WARN_CONSTANT_CONVERSION = YES;
				CLANG_WARN_DEPRECATED_OBJC_IMPLEMENTATIONS = YES;
				CLANG_WARN_DIRECT_OBJC_ISA_USAGE = YES_ERROR;
				CLANG_WARN_DOCUMENTATION_COMMENTS = YES;
				CLANG_WARN_EMPTY_BODY = YES;
				CLANG_WARN_ENUM_CONVERSION = YES;
				CLANG_WARN_INFINITE_RECURSION = YES;
				CLANG_WARN_INT_CONVERSION = YES;
				CLANG_WARN_NON_LITERAL_NULL_CONVERSION = YES;
				CLANG_WARN_OBJC_IMPLICIT_RETAIN_SELF = YES;
				CLANG_WARN_OBJC_LITERAL_CONVERSION = YES;
				CLANG_WARN_OBJC_ROOT_CLASS = YES_ERROR;
				CLANG_WARN_QUOTED_INCLUDE_IN_FRAMEWORK_HEADER = YES;
				CLANG_WARN_RANGE_LOOP_ANALYSIS = YES;
				CLANG_WARN_STRICT_PROTOTYPES = YES;
				CLANG_WARN_SUSPICIOUS_MOVE = YES;
				CLANG_WARN_UNGUARDED_AVAILABILITY = YES_AGGRESSIVE;
				CLANG_WARN_UNREACHABLE_CODE = YES;
				CLANG_WARN__DUPLICATE_METHOD_MATCH = YES;
				COPY_PHASE_STRIP = NO;
				DEBUG_INFORMATION_FORMAT = dwarf;
				ENABLE_STRICT_OBJC_MSGSEND = YES;
				ENABLE_TESTABILITY = YES;
				GCC_C_LANGUAGE_STANDARD = gnu11;
				GCC_DYNAMIC_NO_PIC = NO;
				GCC_NO_COMMON_BLOCKS = YES;
				GCC_OPTIMIZATION_LEVEL = 0;
				GCC_PREPROCESSOR_DEFINITIONS = (
					"DEBUG=1",
					"$(inherited)",
				);
				GCC_WARN_64_TO_32_BIT_CONVERSION = YES;
				GCC_WARN_ABOUT_RETURN_TYPE = YES_ERROR;
				GCC_WARN_UNDECLARED_SELECTOR = YES;
				GCC_WARN_UNINITIALIZED_AUTOS = YES_AGGRESSIVE;
				GCC_WARN_UNUSED_FUNCTION = YES;
				GCC_WARN_UNUSED_VARIABLE = YES;
				IPHONEOS_DEPLOYMENT_TARGET = 16.0;
				MACOSX_DEPLOYMENT_TARGET = 12.3;
				MTL_ENABLE_DEBUG_INFO = INCLUDE_SOURCE;
				MTL_FAST_MATH = YES;
				ONLY_ACTIVE_ARCH = YES;
				SWIFT_ACTIVE_COMPILATION_CONDITIONS = DEBUG;
				SWIFT_OPTIMIZATION_LEVEL = "-Onone";
			};
			name = Debug;
		};
		0F15572729B9F0CF00EB98D8 /* Release */ = {
			isa = XCBuildConfiguration;
			buildSettings = {
				ALWAYS_SEARCH_USER_PATHS = NO;
				CLANG_ANALYZER_NONNULL = YES;
				CLANG_ANALYZER_NUMBER_OBJECT_CONVERSION = YES_AGGRESSIVE;
				CLANG_CXX_LANGUAGE_STANDARD = "gnu++20";
				CLANG_ENABLE_MODULES = YES;
				CLANG_ENABLE_OBJC_ARC = YES;
				CLANG_ENABLE_OBJC_WEAK = YES;
				CLANG_WARN_BLOCK_CAPTURE_AUTORELEASING = YES;
				CLANG_WARN_BOOL_CONVERSION = YES;
				CLANG_WARN_COMMA = YES;
				CLANG_WARN_CONSTANT_CONVERSION = YES;
				CLANG_WARN_DEPRECATED_OBJC_IMPLEMENTATIONS = YES;
				CLANG_WARN_DIRECT_OBJC_ISA_USAGE = YES_ERROR;
				CLANG_WARN_DOCUMENTATION_COMMENTS = YES;
				CLANG_WARN_EMPTY_BODY = YES;
				CLANG_WARN_ENUM_CONVERSION = YES;
				CLANG_WARN_INFINITE_RECURSION = YES;
				CLANG_WARN_INT_CONVERSION = YES;
				CLANG_WARN_NON_LITERAL_NULL_CONVERSION = YES;
				CLANG_WARN_OBJC_IMPLICIT_RETAIN_SELF = YES;
				CLANG_WARN_OBJC_LITERAL_CONVERSION = YES;
				CLANG_WARN_OBJC_ROOT_CLASS = YES_ERROR;
				CLANG_WARN_QUOTED_INCLUDE_IN_FRAMEWORK_HEADER = YES;
				CLANG_WARN_RANGE_LOOP_ANALYSIS = YES;
				CLANG_WARN_STRICT_PROTOTYPES = YES;
				CLANG_WARN_SUSPICIOUS_MOVE = YES;
				CLANG_WARN_UNGUARDED_AVAILABILITY = YES_AGGRESSIVE;
				CLANG_WARN_UNREACHABLE_CODE = YES;
				CLANG_WARN__DUPLICATE_METHOD_MATCH = YES;
				COPY_PHASE_STRIP = NO;
				DEBUG_INFORMATION_FORMAT = "dwarf-with-dsym";
				ENABLE_NS_ASSERTIONS = NO;
				ENABLE_STRICT_OBJC_MSGSEND = YES;
				GCC_C_LANGUAGE_STANDARD = gnu11;
				GCC_NO_COMMON_BLOCKS = YES;
				GCC_WARN_64_TO_32_BIT_CONVERSION = YES;
				GCC_WARN_ABOUT_RETURN_TYPE = YES_ERROR;
				GCC_WARN_UNDECLARED_SELECTOR = YES;
				GCC_WARN_UNINITIALIZED_AUTOS = YES_AGGRESSIVE;
				GCC_WARN_UNUSED_FUNCTION = YES;
				GCC_WARN_UNUSED_VARIABLE = YES;
				IPHONEOS_DEPLOYMENT_TARGET = 16.0;
				MACOSX_DEPLOYMENT_TARGET = 12.3;
				MTL_ENABLE_DEBUG_INFO = NO;
				MTL_FAST_MATH = YES;
				SWIFT_COMPILATION_MODE = wholemodule;
				SWIFT_OPTIMIZATION_LEVEL = "-O";
			};
			name = Release;
		};
		0F15572929B9F0CF00EB98D8 /* Debug */ = {
			isa = XCBuildConfiguration;
			buildSettings = {
				ASSETCATALOG_COMPILER_APPICON_NAME = AppIcon;
				ASSETCATALOG_COMPILER_GLOBAL_ACCENT_COLOR_NAME = AccentColor;
				CODE_SIGN_ENTITLEMENTS = Projet_IOS/Projet_IOS.entitlements;
				CODE_SIGN_STYLE = Automatic;
				CURRENT_PROJECT_VERSION = 1;
				DEVELOPMENT_ASSET_PATHS = "\"Projet_IOS/Preview Content\"";
				ENABLE_PREVIEWS = YES;
				GENERATE_INFOPLIST_FILE = YES;
				"INFOPLIST_KEY_UIApplicationSceneManifest_Generation[sdk=iphoneos*]" = YES;
				"INFOPLIST_KEY_UIApplicationSceneManifest_Generation[sdk=iphonesimulator*]" = YES;
				"INFOPLIST_KEY_UIApplicationSupportsIndirectInputEvents[sdk=iphoneos*]" = YES;
				"INFOPLIST_KEY_UIApplicationSupportsIndirectInputEvents[sdk=iphonesimulator*]" = YES;
				"INFOPLIST_KEY_UILaunchScreen_Generation[sdk=iphoneos*]" = YES;
				"INFOPLIST_KEY_UILaunchScreen_Generation[sdk=iphonesimulator*]" = YES;
				"INFOPLIST_KEY_UIStatusBarStyle[sdk=iphoneos*]" = UIStatusBarStyleDefault;
				"INFOPLIST_KEY_UIStatusBarStyle[sdk=iphonesimulator*]" = UIStatusBarStyleDefault;
				INFOPLIST_KEY_UISupportedInterfaceOrientations_iPad = "UIInterfaceOrientationPortrait UIInterfaceOrientationPortraitUpsideDown UIInterfaceOrientationLandscapeLeft UIInterfaceOrientationLandscapeRight";
				INFOPLIST_KEY_UISupportedInterfaceOrientations_iPhone = "UIInterfaceOrientationPortrait UIInterfaceOrientationLandscapeLeft UIInterfaceOrientationLandscapeRight";
				IPHONEOS_DEPLOYMENT_TARGET = 16.0;
				LD_RUNPATH_SEARCH_PATHS = "@executable_path/Frameworks";
				"LD_RUNPATH_SEARCH_PATHS[sdk=macosx*]" = "@executable_path/../Frameworks";
				MACOSX_DEPLOYMENT_TARGET = 12.3;
				MARKETING_VERSION = 1.0;
				PRODUCT_BUNDLE_IDENTIFIER = "com.ig4.Projet-IOS";
				PRODUCT_NAME = "$(TARGET_NAME)";
				SDKROOT = auto;
				SUPPORTED_PLATFORMS = "iphoneos iphonesimulator";
				SUPPORTS_MACCATALYST = NO;
				SUPPORTS_MAC_DESIGNED_FOR_IPHONE_IPAD = YES;
				SWIFT_EMIT_LOC_STRINGS = YES;
				SWIFT_VERSION = 5.0;
				TARGETED_DEVICE_FAMILY = "1,2";
			};
			name = Debug;
		};
		0F15572A29B9F0CF00EB98D8 /* Release */ = {
			isa = XCBuildConfiguration;
			buildSettings = {
				ASSETCATALOG_COMPILER_APPICON_NAME = AppIcon;
				ASSETCATALOG_COMPILER_GLOBAL_ACCENT_COLOR_NAME = AccentColor;
				CODE_SIGN_ENTITLEMENTS = Projet_IOS/Projet_IOS.entitlements;
				CODE_SIGN_STYLE = Automatic;
				CURRENT_PROJECT_VERSION = 1;
				DEVELOPMENT_ASSET_PATHS = "\"Projet_IOS/Preview Content\"";
				ENABLE_PREVIEWS = YES;
				GENERATE_INFOPLIST_FILE = YES;
				"INFOPLIST_KEY_UIApplicationSceneManifest_Generation[sdk=iphoneos*]" = YES;
				"INFOPLIST_KEY_UIApplicationSceneManifest_Generation[sdk=iphonesimulator*]" = YES;
				"INFOPLIST_KEY_UIApplicationSupportsIndirectInputEvents[sdk=iphoneos*]" = YES;
				"INFOPLIST_KEY_UIApplicationSupportsIndirectInputEvents[sdk=iphonesimulator*]" = YES;
				"INFOPLIST_KEY_UILaunchScreen_Generation[sdk=iphoneos*]" = YES;
				"INFOPLIST_KEY_UILaunchScreen_Generation[sdk=iphonesimulator*]" = YES;
				"INFOPLIST_KEY_UIStatusBarStyle[sdk=iphoneos*]" = UIStatusBarStyleDefault;
				"INFOPLIST_KEY_UIStatusBarStyle[sdk=iphonesimulator*]" = UIStatusBarStyleDefault;
				INFOPLIST_KEY_UISupportedInterfaceOrientations_iPad = "UIInterfaceOrientationPortrait UIInterfaceOrientationPortraitUpsideDown UIInterfaceOrientationLandscapeLeft UIInterfaceOrientationLandscapeRight";
				INFOPLIST_KEY_UISupportedInterfaceOrientations_iPhone = "UIInterfaceOrientationPortrait UIInterfaceOrientationLandscapeLeft UIInterfaceOrientationLandscapeRight";
				IPHONEOS_DEPLOYMENT_TARGET = 16.0;
				LD_RUNPATH_SEARCH_PATHS = "@executable_path/Frameworks";
				"LD_RUNPATH_SEARCH_PATHS[sdk=macosx*]" = "@executable_path/../Frameworks";
				MACOSX_DEPLOYMENT_TARGET = 12.3;
				MARKETING_VERSION = 1.0;
				PRODUCT_BUNDLE_IDENTIFIER = "com.ig4.Projet-IOS";
				PRODUCT_NAME = "$(TARGET_NAME)";
				SDKROOT = auto;
				SUPPORTED_PLATFORMS = "iphoneos iphonesimulator";
				SUPPORTS_MACCATALYST = NO;
				SUPPORTS_MAC_DESIGNED_FOR_IPHONE_IPAD = YES;
				SWIFT_EMIT_LOC_STRINGS = YES;
				SWIFT_VERSION = 5.0;
				TARGETED_DEVICE_FAMILY = "1,2";
			};
			name = Release;
		};
		0F15572C29B9F0CF00EB98D8 /* Debug */ = {
			isa = XCBuildConfiguration;
			buildSettings = {
				ALWAYS_EMBED_SWIFT_STANDARD_LIBRARIES = YES;
				BUNDLE_LOADER = "$(TEST_HOST)";
				CODE_SIGN_STYLE = Automatic;
				CURRENT_PROJECT_VERSION = 1;
				GENERATE_INFOPLIST_FILE = YES;
				IPHONEOS_DEPLOYMENT_TARGET = 16.0;
				MACOSX_DEPLOYMENT_TARGET = 12.3;
				MARKETING_VERSION = 1.0;
				PRODUCT_BUNDLE_IDENTIFIER = "com.ig4.Projet-IOSTests";
				PRODUCT_NAME = "$(TARGET_NAME)";
				SDKROOT = auto;
				SUPPORTED_PLATFORMS = "iphoneos iphonesimulator macosx";
				SWIFT_EMIT_LOC_STRINGS = NO;
				SWIFT_VERSION = 5.0;
				TARGETED_DEVICE_FAMILY = "1,2";
				TEST_HOST = "$(BUILT_PRODUCTS_DIR)/Projet_IOS.app/$(BUNDLE_EXECUTABLE_FOLDER_PATH)/Projet_IOS";
			};
			name = Debug;
		};
		0F15572D29B9F0CF00EB98D8 /* Release */ = {
			isa = XCBuildConfiguration;
			buildSettings = {
				ALWAYS_EMBED_SWIFT_STANDARD_LIBRARIES = YES;
				BUNDLE_LOADER = "$(TEST_HOST)";
				CODE_SIGN_STYLE = Automatic;
				CURRENT_PROJECT_VERSION = 1;
				GENERATE_INFOPLIST_FILE = YES;
				IPHONEOS_DEPLOYMENT_TARGET = 16.0;
				MACOSX_DEPLOYMENT_TARGET = 12.3;
				MARKETING_VERSION = 1.0;
				PRODUCT_BUNDLE_IDENTIFIER = "com.ig4.Projet-IOSTests";
				PRODUCT_NAME = "$(TARGET_NAME)";
				SDKROOT = auto;
				SUPPORTED_PLATFORMS = "iphoneos iphonesimulator macosx";
				SWIFT_EMIT_LOC_STRINGS = NO;
				SWIFT_VERSION = 5.0;
				TARGETED_DEVICE_FAMILY = "1,2";
				TEST_HOST = "$(BUILT_PRODUCTS_DIR)/Projet_IOS.app/$(BUNDLE_EXECUTABLE_FOLDER_PATH)/Projet_IOS";
			};
			name = Release;
		};
		0F15572F29B9F0CF00EB98D8 /* Debug */ = {
			isa = XCBuildConfiguration;
			buildSettings = {
				ALWAYS_EMBED_SWIFT_STANDARD_LIBRARIES = YES;
				CODE_SIGN_STYLE = Automatic;
				CURRENT_PROJECT_VERSION = 1;
				GENERATE_INFOPLIST_FILE = YES;
				IPHONEOS_DEPLOYMENT_TARGET = 16.0;
				MACOSX_DEPLOYMENT_TARGET = 12.3;
				MARKETING_VERSION = 1.0;
				PRODUCT_BUNDLE_IDENTIFIER = "com.ig4.Projet-IOSUITests";
				PRODUCT_NAME = "$(TARGET_NAME)";
				SDKROOT = auto;
				SUPPORTED_PLATFORMS = "iphoneos iphonesimulator macosx";
				SWIFT_EMIT_LOC_STRINGS = NO;
				SWIFT_VERSION = 5.0;
				TARGETED_DEVICE_FAMILY = "1,2";
				TEST_TARGET_NAME = Projet_IOS;
			};
			name = Debug;
		};
		0F15573029B9F0CF00EB98D8 /* Release */ = {
			isa = XCBuildConfiguration;
			buildSettings = {
				ALWAYS_EMBED_SWIFT_STANDARD_LIBRARIES = YES;
				CODE_SIGN_STYLE = Automatic;
				CURRENT_PROJECT_VERSION = 1;
				GENERATE_INFOPLIST_FILE = YES;
				IPHONEOS_DEPLOYMENT_TARGET = 16.0;
				MACOSX_DEPLOYMENT_TARGET = 12.3;
				MARKETING_VERSION = 1.0;
				PRODUCT_BUNDLE_IDENTIFIER = "com.ig4.Projet-IOSUITests";
				PRODUCT_NAME = "$(TARGET_NAME)";
				SDKROOT = auto;
				SUPPORTED_PLATFORMS = "iphoneos iphonesimulator macosx";
				SWIFT_EMIT_LOC_STRINGS = NO;
				SWIFT_VERSION = 5.0;
				TARGETED_DEVICE_FAMILY = "1,2";
				TEST_TARGET_NAME = Projet_IOS;
			};
			name = Release;
		};
/* End XCBuildConfiguration section */

/* Begin XCConfigurationList section */
		0F1556FE29B9F0CE00EB98D8 /* Build configuration list for PBXProject "Projet_IOS" */ = {
			isa = XCConfigurationList;
			buildConfigurations = (
				0F15572629B9F0CF00EB98D8 /* Debug */,
				0F15572729B9F0CF00EB98D8 /* Release */,
			);
			defaultConfigurationIsVisible = 0;
			defaultConfigurationName = Release;
		};
		0F15572829B9F0CF00EB98D8 /* Build configuration list for PBXNativeTarget "Projet_IOS" */ = {
			isa = XCConfigurationList;
			buildConfigurations = (
				0F15572929B9F0CF00EB98D8 /* Debug */,
				0F15572A29B9F0CF00EB98D8 /* Release */,
			);
			defaultConfigurationIsVisible = 0;
			defaultConfigurationName = Release;
		};
		0F15572B29B9F0CF00EB98D8 /* Build configuration list for PBXNativeTarget "Projet_IOSTests" */ = {
			isa = XCConfigurationList;
			buildConfigurations = (
				0F15572C29B9F0CF00EB98D8 /* Debug */,
				0F15572D29B9F0CF00EB98D8 /* Release */,
			);
			defaultConfigurationIsVisible = 0;
			defaultConfigurationName = Release;
		};
		0F15572E29B9F0CF00EB98D8 /* Build configuration list for PBXNativeTarget "Projet_IOSUITests" */ = {
			isa = XCConfigurationList;
			buildConfigurations = (
				0F15572F29B9F0CF00EB98D8 /* Debug */,
				0F15573029B9F0CF00EB98D8 /* Release */,
			);
			defaultConfigurationIsVisible = 0;
			defaultConfigurationName = Release;
		};
/* End XCConfigurationList section */
	};
	rootObject = 0F1556FB29B9F0CD00EB98D8 /* Project object */;
}
